
Microsoft Visual Studio Solution File, Format Version 12.00
# Visual Studio Version 17
VisualStudioVersion = 17.8.34330.188
MinimumVisualStudioVersion = 10.0.40219.1
Project("{FAE04EC0-301F-11D3-BF4B-00C04F79EFBC}") = "WpfAdressbok1.0", "WpfAdressbok1.0\WpfAdressbok1.0.csproj", "{B9DAE5F4-4BED-45D6-A98D-0F7376423C94}"
EndProject
Global
	GlobalSection(SolutionConfigurationPlatforms) = preSolution
		Debug|Any CPU = Debug|Any CPU
		Release|Any CPU = Release|Any CPU
	EndGlobalSection
	GlobalSection(ProjectConfigurationPlatforms) = postSolution
		{B9DAE5F4-4BED-45D6-A98D-0F7376423C94}.Debug|Any CPU.ActiveCfg = Debug|Any CPU
		{B9DAE5F4-4BED-45D6-A98D-0F7376423C94}.Debug|Any CPU.Build.0 = Debug|Any CPU
		{B9DAE5F4-4BED-45D6-A98D-0F7376423C94}.Release|Any CPU.ActiveCfg = Release|Any CPU
		{B9DAE5F4-4BED-45D6-A98D-0F7376423C94}.Release|Any CPU.Build.0 = Release|Any CPU
	EndGlobalSection
	GlobalSection(SolutionProperties) = preSolution
		HideSolutionNode = FALSE
	EndGlobalSection
	GlobalSection(ExtensibilityGlobals) = postSolution
		SolutionGuid = {34EC7113-6A11-415E-89DB-676FBC1DD1E1}
	EndGlobalSection
EndGlobal
